
Microsoft Visual Studio Solution File, Format Version 12.00
# Visual Studio 15
VisualStudioVersion = 15.0.27130.2010
MinimumVisualStudioVersion = 10.0.40219.1
Project("{2150E333-8FDC-42A3-9474-1A3956D46DE8}") = "src", "src", "{33F4AD7F-D10D-4139-85EF-5188FF5AE42B}"
EndProject
Project("{2150E333-8FDC-42A3-9474-1A3956D46DE8}") = "lib", "lib", "{0AAD2FB0-CB27-462C-AB4A-84F7F13803E3}"
EndProject
Project("{FAE04EC0-301F-11D3-BF4B-00C04F79EFBC}") = "Softpark.Models", "lib\Softpark.Models\Softpark.Models.csproj", "{5216DD98-11F2-48D2-9A9F-BC04DA960B6C}"
EndProject
Project("{FAE04EC0-301F-11D3-BF4B-00C04F79EFBC}") = "Softpark.Infrastructure", "lib\Softpark.Infrastructure\Softpark.Infrastructure.csproj", "{1F23D6E3-9E03-4ED7-8874-F6085E548D3B}"
EndProject
Project("{FAE04EC0-301F-11D3-BF4B-00C04F79EFBC}") = "DataTables.AspNet.WebApi2", "lib\DataTables.AspNet.WebApi2\DataTables.AspNet.WebApi2.csproj", "{1D71601C-F383-4FF0-B409-C01140247525}"
EndProject
Project("{262852C6-CD72-467D-83FE-5EEB1973A190}") = "MobACS", "src\MobACS\MobACS.jsproj", "{B2B3380A-7F6F-4B1F-B568-7E7E09CCF733}"
EndProject
Project("{FAE04EC0-301F-11D3-BF4B-00C04F79EFBC}") = "Softpark.WS", "src\Softpark.WS\Softpark.WS.csproj", "{B425EF5B-EB40-4F1A-A2C4-2BCF10ABFE56}"
EndProject
Global
	GlobalSection(SolutionConfigurationPlatforms) = preSolution
		Debug|Android = Debug|Android
		Debug|Any CPU = Debug|Any CPU
		Debug|iOS = Debug|iOS
		Debug|Windows-ARM = Debug|Windows-ARM
		Debug|Windows-x64 = Debug|Windows-x64
		Debug|Windows-x86 = Debug|Windows-x86
		ItanhaemHomolog|Android = ItanhaemHomolog|Android
		ItanhaemHomolog|Any CPU = ItanhaemHomolog|Any CPU
		ItanhaemHomolog|iOS = ItanhaemHomolog|iOS
		ItanhaemHomolog|Windows-ARM = ItanhaemHomolog|Windows-ARM
		ItanhaemHomolog|Windows-x64 = ItanhaemHomolog|Windows-x64
		ItanhaemHomolog|Windows-x86 = ItanhaemHomolog|Windows-x86
		ItanhaemProd|Android = ItanhaemProd|Android
		ItanhaemProd|Any CPU = ItanhaemProd|Any CPU
		ItanhaemProd|iOS = ItanhaemProd|iOS
		ItanhaemProd|Windows-ARM = ItanhaemProd|Windows-ARM
		ItanhaemProd|Windows-x64 = ItanhaemProd|Windows-x64
		ItanhaemProd|Windows-x86 = ItanhaemProd|Windows-x86
		LocalServer|Android = LocalServer|Android
		LocalServer|Any CPU = LocalServer|Any CPU
		LocalServer|iOS = LocalServer|iOS
		LocalServer|Windows-ARM = LocalServer|Windows-ARM
		LocalServer|Windows-x64 = LocalServer|Windows-x64
		LocalServer|Windows-x86 = LocalServer|Windows-x86
		Release|Android = Release|Android
		Release|Any CPU = Release|Any CPU
		Release|iOS = Release|iOS
		Release|Windows-ARM = Release|Windows-ARM
		Release|Windows-x64 = Release|Windows-x64
		Release|Windows-x86 = Release|Windows-x86
		Santana|Android = Santana|Android
		Santana|Any CPU = Santana|Any CPU
		Santana|iOS = Santana|iOS
		Santana|Windows-ARM = Santana|Windows-ARM
		Santana|Windows-x64 = Santana|Windows-x64
		Santana|Windows-x86 = Santana|Windows-x86
	EndGlobalSection
	GlobalSection(ProjectConfigurationPlatforms) = postSolution
		{5216DD98-11F2-48D2-9A9F-BC04DA960B6C}.Debug|Android.ActiveCfg = Debug|Any CPU
		{5216DD98-11F2-48D2-9A9F-BC04DA960B6C}.Debug|Android.Build.0 = Debug|Any CPU
		{5216DD98-11F2-48D2-9A9F-BC04DA960B6C}.Debug|Any CPU.ActiveCfg = Debug|Any CPU
		{5216DD98-11F2-48D2-9A9F-BC04DA960B6C}.Debug|Any CPU.Build.0 = Debug|Any CPU
		{5216DD98-11F2-48D2-9A9F-BC04DA960B6C}.Debug|iOS.ActiveCfg = Debug|Any CPU
		{5216DD98-11F2-48D2-9A9F-BC04DA960B6C}.Debug|iOS.Build.0 = Debug|Any CPU
		{5216DD98-11F2-48D2-9A9F-BC04DA960B6C}.Debug|Windows-ARM.ActiveCfg = Debug|Any CPU
		{5216DD98-11F2-48D2-9A9F-BC04DA960B6C}.Debug|Windows-ARM.Build.0 = Debug|Any CPU
		{5216DD98-11F2-48D2-9A9F-BC04DA960B6C}.Debug|Windows-x64.ActiveCfg = Debug|Any CPU
		{5216DD98-11F2-48D2-9A9F-BC04DA960B6C}.Debug|Windows-x64.Build.0 = Debug|Any CPU
		{5216DD98-11F2-48D2-9A9F-BC04DA960B6C}.Debug|Windows-x86.ActiveCfg = Debug|Any CPU
		{5216DD98-11F2-48D2-9A9F-BC04DA960B6C}.Debug|Windows-x86.Build.0 = Debug|Any CPU
		{5216DD98-11F2-48D2-9A9F-BC04DA960B6C}.ItanhaemHomolog|Android.ActiveCfg = Release|Any CPU
		{5216DD98-11F2-48D2-9A9F-BC04DA960B6C}.ItanhaemHomolog|Android.Build.0 = Release|Any CPU
		{5216DD98-11F2-48D2-9A9F-BC04DA960B6C}.ItanhaemHomolog|Any CPU.ActiveCfg = Santana|Any CPU
		{5216DD98-11F2-48D2-9A9F-BC04DA960B6C}.ItanhaemHomolog|Any CPU.Build.0 = Santana|Any CPU
		{5216DD98-11F2-48D2-9A9F-BC04DA960B6C}.ItanhaemHomolog|iOS.ActiveCfg = Release|Any CPU
		{5216DD98-11F2-48D2-9A9F-BC04DA960B6C}.ItanhaemHomolog|iOS.Build.0 = Release|Any CPU
		{5216DD98-11F2-48D2-9A9F-BC04DA960B6C}.ItanhaemHomolog|Windows-ARM.ActiveCfg = Release|Any CPU
		{5216DD98-11F2-48D2-9A9F-BC04DA960B6C}.ItanhaemHomolog|Windows-ARM.Build.0 = Release|Any CPU
		{5216DD98-11F2-48D2-9A9F-BC04DA960B6C}.ItanhaemHomolog|Windows-x64.ActiveCfg = Release|Any CPU
		{5216DD98-11F2-48D2-9A9F-BC04DA960B6C}.ItanhaemHomolog|Windows-x64.Build.0 = Release|Any CPU
		{5216DD98-11F2-48D2-9A9F-BC04DA960B6C}.ItanhaemHomolog|Windows-x86.ActiveCfg = Release|Any CPU
		{5216DD98-11F2-48D2-9A9F-BC04DA960B6C}.ItanhaemHomolog|Windows-x86.Build.0 = Release|Any CPU
		{5216DD98-11F2-48D2-9A9F-BC04DA960B6C}.ItanhaemProd|Android.ActiveCfg = Release|Any CPU
		{5216DD98-11F2-48D2-9A9F-BC04DA960B6C}.ItanhaemProd|Android.Build.0 = Release|Any CPU
		{5216DD98-11F2-48D2-9A9F-BC04DA960B6C}.ItanhaemProd|Any CPU.ActiveCfg = Santana|Any CPU
		{5216DD98-11F2-48D2-9A9F-BC04DA960B6C}.ItanhaemProd|Any CPU.Build.0 = Santana|Any CPU
		{5216DD98-11F2-48D2-9A9F-BC04DA960B6C}.ItanhaemProd|iOS.ActiveCfg = Release|Any CPU
		{5216DD98-11F2-48D2-9A9F-BC04DA960B6C}.ItanhaemProd|iOS.Build.0 = Release|Any CPU
		{5216DD98-11F2-48D2-9A9F-BC04DA960B6C}.ItanhaemProd|Windows-ARM.ActiveCfg = Release|Any CPU
		{5216DD98-11F2-48D2-9A9F-BC04DA960B6C}.ItanhaemProd|Windows-ARM.Build.0 = Release|Any CPU
		{5216DD98-11F2-48D2-9A9F-BC04DA960B6C}.ItanhaemProd|Windows-x64.ActiveCfg = Release|Any CPU
		{5216DD98-11F2-48D2-9A9F-BC04DA960B6C}.ItanhaemProd|Windows-x64.Build.0 = Release|Any CPU
		{5216DD98-11F2-48D2-9A9F-BC04DA960B6C}.ItanhaemProd|Windows-x86.ActiveCfg = Release|Any CPU
		{5216DD98-11F2-48D2-9A9F-BC04DA960B6C}.ItanhaemProd|Windows-x86.Build.0 = Release|Any CPU
		{5216DD98-11F2-48D2-9A9F-BC04DA960B6C}.LocalServer|Android.ActiveCfg = Release|Any CPU
		{5216DD98-11F2-48D2-9A9F-BC04DA960B6C}.LocalServer|Android.Build.0 = Release|Any CPU
		{5216DD98-11F2-48D2-9A9F-BC04DA960B6C}.LocalServer|Any CPU.ActiveCfg = Santana|Any CPU
		{5216DD98-11F2-48D2-9A9F-BC04DA960B6C}.LocalServer|Any CPU.Build.0 = Santana|Any CPU
		{5216DD98-11F2-48D2-9A9F-BC04DA960B6C}.LocalServer|iOS.ActiveCfg = Release|Any CPU
		{5216DD98-11F2-48D2-9A9F-BC04DA960B6C}.LocalServer|iOS.Build.0 = Release|Any CPU
		{5216DD98-11F2-48D2-9A9F-BC04DA960B6C}.LocalServer|Windows-ARM.ActiveCfg = Release|Any CPU
		{5216DD98-11F2-48D2-9A9F-BC04DA960B6C}.LocalServer|Windows-ARM.Build.0 = Release|Any CPU
		{5216DD98-11F2-48D2-9A9F-BC04DA960B6C}.LocalServer|Windows-x64.ActiveCfg = Release|Any CPU
		{5216DD98-11F2-48D2-9A9F-BC04DA960B6C}.LocalServer|Windows-x64.Build.0 = Release|Any CPU
		{5216DD98-11F2-48D2-9A9F-BC04DA960B6C}.LocalServer|Windows-x86.ActiveCfg = Release|Any CPU
		{5216DD98-11F2-48D2-9A9F-BC04DA960B6C}.LocalServer|Windows-x86.Build.0 = Release|Any CPU
		{5216DD98-11F2-48D2-9A9F-BC04DA960B6C}.Release|Android.ActiveCfg = Release|Any CPU
		{5216DD98-11F2-48D2-9A9F-BC04DA960B6C}.Release|Android.Build.0 = Release|Any CPU
		{5216DD98-11F2-48D2-9A9F-BC04DA960B6C}.Release|Any CPU.ActiveCfg = Release|Any CPU
		{5216DD98-11F2-48D2-9A9F-BC04DA960B6C}.Release|Any CPU.Build.0 = Release|Any CPU
		{5216DD98-11F2-48D2-9A9F-BC04DA960B6C}.Release|iOS.ActiveCfg = Release|Any CPU
		{5216DD98-11F2-48D2-9A9F-BC04DA960B6C}.Release|iOS.Build.0 = Release|Any CPU
		{5216DD98-11F2-48D2-9A9F-BC04DA960B6C}.Release|Windows-ARM.ActiveCfg = Release|Any CPU
		{5216DD98-11F2-48D2-9A9F-BC04DA960B6C}.Release|Windows-ARM.Build.0 = Release|Any CPU
		{5216DD98-11F2-48D2-9A9F-BC04DA960B6C}.Release|Windows-x64.ActiveCfg = Release|Any CPU
		{5216DD98-11F2-48D2-9A9F-BC04DA960B6C}.Release|Windows-x64.Build.0 = Release|Any CPU
		{5216DD98-11F2-48D2-9A9F-BC04DA960B6C}.Release|Windows-x86.ActiveCfg = Release|Any CPU
		{5216DD98-11F2-48D2-9A9F-BC04DA960B6C}.Release|Windows-x86.Build.0 = Release|Any CPU
		{5216DD98-11F2-48D2-9A9F-BC04DA960B6C}.Santana|Android.ActiveCfg = Santana|Any CPU
		{5216DD98-11F2-48D2-9A9F-BC04DA960B6C}.Santana|Android.Build.0 = Santana|Any CPU
		{5216DD98-11F2-48D2-9A9F-BC04DA960B6C}.Santana|Any CPU.ActiveCfg = Santana|Any CPU
		{5216DD98-11F2-48D2-9A9F-BC04DA960B6C}.Santana|Any CPU.Build.0 = Santana|Any CPU
		{5216DD98-11F2-48D2-9A9F-BC04DA960B6C}.Santana|iOS.ActiveCfg = Santana|Any CPU
		{5216DD98-11F2-48D2-9A9F-BC04DA960B6C}.Santana|iOS.Build.0 = Santana|Any CPU
		{5216DD98-11F2-48D2-9A9F-BC04DA960B6C}.Santana|Windows-ARM.ActiveCfg = Santana|Any CPU
		{5216DD98-11F2-48D2-9A9F-BC04DA960B6C}.Santana|Windows-ARM.Build.0 = Santana|Any CPU
		{5216DD98-11F2-48D2-9A9F-BC04DA960B6C}.Santana|Windows-x64.ActiveCfg = Santana|Any CPU
		{5216DD98-11F2-48D2-9A9F-BC04DA960B6C}.Santana|Windows-x64.Build.0 = Santana|Any CPU
		{5216DD98-11F2-48D2-9A9F-BC04DA960B6C}.Santana|Windows-x86.ActiveCfg = Santana|Any CPU
		{5216DD98-11F2-48D2-9A9F-BC04DA960B6C}.Santana|Windows-x86.Build.0 = Santana|Any CPU
		{1F23D6E3-9E03-4ED7-8874-F6085E548D3B}.Debug|Android.ActiveCfg = Debug|Any CPU
		{1F23D6E3-9E03-4ED7-8874-F6085E548D3B}.Debug|Android.Build.0 = Debug|Any CPU
		{1F23D6E3-9E03-4ED7-8874-F6085E548D3B}.Debug|Any CPU.ActiveCfg = Debug|Any CPU
		{1F23D6E3-9E03-4ED7-8874-F6085E548D3B}.Debug|Any CPU.Build.0 = Debug|Any CPU
		{1F23D6E3-9E03-4ED7-8874-F6085E548D3B}.Debug|iOS.ActiveCfg = Debug|Any CPU
		{1F23D6E3-9E03-4ED7-8874-F6085E548D3B}.Debug|iOS.Build.0 = Debug|Any CPU
		{1F23D6E3-9E03-4ED7-8874-F6085E548D3B}.Debug|Windows-ARM.ActiveCfg = Debug|Any CPU
		{1F23D6E3-9E03-4ED7-8874-F6085E548D3B}.Debug|Windows-ARM.Build.0 = Debug|Any CPU
		{1F23D6E3-9E03-4ED7-8874-F6085E548D3B}.Debug|Windows-x64.ActiveCfg = Debug|Any CPU
		{1F23D6E3-9E03-4ED7-8874-F6085E548D3B}.Debug|Windows-x64.Build.0 = Debug|Any CPU
		{1F23D6E3-9E03-4ED7-8874-F6085E548D3B}.Debug|Windows-x86.ActiveCfg = Debug|Any CPU
		{1F23D6E3-9E03-4ED7-8874-F6085E548D3B}.Debug|Windows-x86.Build.0 = Debug|Any CPU
		{1F23D6E3-9E03-4ED7-8874-F6085E548D3B}.ItanhaemHomolog|Android.ActiveCfg = Release|Any CPU
		{1F23D6E3-9E03-4ED7-8874-F6085E548D3B}.ItanhaemHomolog|Android.Build.0 = Release|Any CPU
		{1F23D6E3-9E03-4ED7-8874-F6085E548D3B}.ItanhaemHomolog|Any CPU.ActiveCfg = Santana|Any CPU
		{1F23D6E3-9E03-4ED7-8874-F6085E548D3B}.ItanhaemHomolog|Any CPU.Build.0 = Santana|Any CPU
		{1F23D6E3-9E03-4ED7-8874-F6085E548D3B}.ItanhaemHomolog|iOS.ActiveCfg = Release|Any CPU
		{1F23D6E3-9E03-4ED7-8874-F6085E548D3B}.ItanhaemHomolog|iOS.Build.0 = Release|Any CPU
		{1F23D6E3-9E03-4ED7-8874-F6085E548D3B}.ItanhaemHomolog|Windows-ARM.ActiveCfg = Release|Any CPU
		{1F23D6E3-9E03-4ED7-8874-F6085E548D3B}.ItanhaemHomolog|Windows-ARM.Build.0 = Release|Any CPU
		{1F23D6E3-9E03-4ED7-8874-F6085E548D3B}.ItanhaemHomolog|Windows-x64.ActiveCfg = Release|Any CPU
		{1F23D6E3-9E03-4ED7-8874-F6085E548D3B}.ItanhaemHomolog|Windows-x64.Build.0 = Release|Any CPU
		{1F23D6E3-9E03-4ED7-8874-F6085E548D3B}.ItanhaemHomolog|Windows-x86.ActiveCfg = Release|Any CPU
		{1F23D6E3-9E03-4ED7-8874-F6085E548D3B}.ItanhaemHomolog|Windows-x86.Build.0 = Release|Any CPU
		{1F23D6E3-9E03-4ED7-8874-F6085E548D3B}.ItanhaemProd|Android.ActiveCfg = Release|Any CPU
		{1F23D6E3-9E03-4ED7-8874-F6085E548D3B}.ItanhaemProd|Android.Build.0 = Release|Any CPU
		{1F23D6E3-9E03-4ED7-8874-F6085E548D3B}.ItanhaemProd|Any CPU.ActiveCfg = Santana|Any CPU
		{1F23D6E3-9E03-4ED7-8874-F6085E548D3B}.ItanhaemProd|Any CPU.Build.0 = Santana|Any CPU
		{1F23D6E3-9E03-4ED7-8874-F6085E548D3B}.ItanhaemProd|iOS.ActiveCfg = Release|Any CPU
		{1F23D6E3-9E03-4ED7-8874-F6085E548D3B}.ItanhaemProd|iOS.Build.0 = Release|Any CPU
		{1F23D6E3-9E03-4ED7-8874-F6085E548D3B}.ItanhaemProd|Windows-ARM.ActiveCfg = Release|Any CPU
		{1F23D6E3-9E03-4ED7-8874-F6085E548D3B}.ItanhaemProd|Windows-ARM.Build.0 = Release|Any CPU
		{1F23D6E3-9E03-4ED7-8874-F6085E548D3B}.ItanhaemProd|Windows-x64.ActiveCfg = Release|Any CPU
		{1F23D6E3-9E03-4ED7-8874-F6085E548D3B}.ItanhaemProd|Windows-x64.Build.0 = Release|Any CPU
		{1F23D6E3-9E03-4ED7-8874-F6085E548D3B}.ItanhaemProd|Windows-x86.ActiveCfg = Release|Any CPU
		{1F23D6E3-9E03-4ED7-8874-F6085E548D3B}.ItanhaemProd|Windows-x86.Build.0 = Release|Any CPU
		{1F23D6E3-9E03-4ED7-8874-F6085E548D3B}.LocalServer|Android.ActiveCfg = Release|Any CPU
		{1F23D6E3-9E03-4ED7-8874-F6085E548D3B}.LocalServer|Android.Build.0 = Release|Any CPU
		{1F23D6E3-9E03-4ED7-8874-F6085E548D3B}.LocalServer|Any CPU.ActiveCfg = Santana|Any CPU
		{1F23D6E3-9E03-4ED7-8874-F6085E548D3B}.LocalServer|Any CPU.Build.0 = Santana|Any CPU
		{1F23D6E3-9E03-4ED7-8874-F6085E548D3B}.LocalServer|iOS.ActiveCfg = Release|Any CPU
		{1F23D6E3-9E03-4ED7-8874-F6085E548D3B}.LocalServer|iOS.Build.0 = Release|Any CPU
		{1F23D6E3-9E03-4ED7-8874-F6085E548D3B}.LocalServer|Windows-ARM.ActiveCfg = Release|Any CPU
		{1F23D6E3-9E03-4ED7-8874-F6085E548D3B}.LocalServer|Windows-ARM.Build.0 = Release|Any CPU
		{1F23D6E3-9E03-4ED7-8874-F6085E548D3B}.LocalServer|Windows-x64.ActiveCfg = Release|Any CPU
		{1F23D6E3-9E03-4ED7-8874-F6085E548D3B}.LocalServer|Windows-x64.Build.0 = Release|Any CPU
		{1F23D6E3-9E03-4ED7-8874-F6085E548D3B}.LocalServer|Windows-x86.ActiveCfg = Release|Any CPU
		{1F23D6E3-9E03-4ED7-8874-F6085E548D3B}.LocalServer|Windows-x86.Build.0 = Release|Any CPU
		{1F23D6E3-9E03-4ED7-8874-F6085E548D3B}.Release|Android.ActiveCfg = Release|Any CPU
		{1F23D6E3-9E03-4ED7-8874-F6085E548D3B}.Release|Android.Build.0 = Release|Any CPU
		{1F23D6E3-9E03-4ED7-8874-F6085E548D3B}.Release|Any CPU.ActiveCfg = Release|Any CPU
		{1F23D6E3-9E03-4ED7-8874-F6085E548D3B}.Release|Any CPU.Build.0 = Release|Any CPU
		{1F23D6E3-9E03-4ED7-8874-F6085E548D3B}.Release|iOS.ActiveCfg = Release|Any CPU
		{1F23D6E3-9E03-4ED7-8874-F6085E548D3B}.Release|iOS.Build.0 = Release|Any CPU
		{1F23D6E3-9E03-4ED7-8874-F6085E548D3B}.Release|Windows-ARM.ActiveCfg = Release|Any CPU
		{1F23D6E3-9E03-4ED7-8874-F6085E548D3B}.Release|Windows-ARM.Build.0 = Release|Any CPU
		{1F23D6E3-9E03-4ED7-8874-F6085E548D3B}.Release|Windows-x64.ActiveCfg = Release|Any CPU
		{1F23D6E3-9E03-4ED7-8874-F6085E548D3B}.Release|Windows-x64.Build.0 = Release|Any CPU
		{1F23D6E3-9E03-4ED7-8874-F6085E548D3B}.Release|Windows-x86.ActiveCfg = Release|Any CPU
		{1F23D6E3-9E03-4ED7-8874-F6085E548D3B}.Release|Windows-x86.Build.0 = Release|Any CPU
		{1F23D6E3-9E03-4ED7-8874-F6085E548D3B}.Santana|Android.ActiveCfg = Santana|Any CPU
		{1F23D6E3-9E03-4ED7-8874-F6085E548D3B}.Santana|Android.Build.0 = Santana|Any CPU
		{1F23D6E3-9E03-4ED7-8874-F6085E548D3B}.Santana|Any CPU.ActiveCfg = Santana|Any CPU
		{1F23D6E3-9E03-4ED7-8874-F6085E548D3B}.Santana|Any CPU.Build.0 = Santana|Any CPU
		{1F23D6E3-9E03-4ED7-8874-F6085E548D3B}.Santana|iOS.ActiveCfg = Santana|Any CPU
		{1F23D6E3-9E03-4ED7-8874-F6085E548D3B}.Santana|iOS.Build.0 = Santana|Any CPU
		{1F23D6E3-9E03-4ED7-8874-F6085E548D3B}.Santana|Windows-ARM.ActiveCfg = Santana|Any CPU
		{1F23D6E3-9E03-4ED7-8874-F6085E548D3B}.Santana|Windows-ARM.Build.0 = Santana|Any CPU
		{1F23D6E3-9E03-4ED7-8874-F6085E548D3B}.Santana|Windows-x64.ActiveCfg = Santana|Any CPU
		{1F23D6E3-9E03-4ED7-8874-F6085E548D3B}.Santana|Windows-x64.Build.0 = Santana|Any CPU
		{1F23D6E3-9E03-4ED7-8874-F6085E548D3B}.Santana|Windows-x86.ActiveCfg = Santana|Any CPU
		{1F23D6E3-9E03-4ED7-8874-F6085E548D3B}.Santana|Windows-x86.Build.0 = Santana|Any CPU
		{1D71601C-F383-4FF0-B409-C01140247525}.Debug|Android.ActiveCfg = Debug|Any CPU
		{1D71601C-F383-4FF0-B409-C01140247525}.Debug|Android.Build.0 = Debug|Any CPU
		{1D71601C-F383-4FF0-B409-C01140247525}.Debug|Any CPU.ActiveCfg = Debug|Any CPU
		{1D71601C-F383-4FF0-B409-C01140247525}.Debug|Any CPU.Build.0 = Debug|Any CPU
		{1D71601C-F383-4FF0-B409-C01140247525}.Debug|iOS.ActiveCfg = Debug|Any CPU
		{1D71601C-F383-4FF0-B409-C01140247525}.Debug|iOS.Build.0 = Debug|Any CPU
		{1D71601C-F383-4FF0-B409-C01140247525}.Debug|Windows-ARM.ActiveCfg = Debug|Any CPU
		{1D71601C-F383-4FF0-B409-C01140247525}.Debug|Windows-ARM.Build.0 = Debug|Any CPU
		{1D71601C-F383-4FF0-B409-C01140247525}.Debug|Windows-x64.ActiveCfg = Debug|Any CPU
		{1D71601C-F383-4FF0-B409-C01140247525}.Debug|Windows-x64.Build.0 = Debug|Any CPU
		{1D71601C-F383-4FF0-B409-C01140247525}.Debug|Windows-x86.ActiveCfg = Debug|Any CPU
		{1D71601C-F383-4FF0-B409-C01140247525}.Debug|Windows-x86.Build.0 = Debug|Any CPU
		{1D71601C-F383-4FF0-B409-C01140247525}.ItanhaemHomolog|Android.ActiveCfg = Release|Any CPU
		{1D71601C-F383-4FF0-B409-C01140247525}.ItanhaemHomolog|Android.Build.0 = Release|Any CPU
		{1D71601C-F383-4FF0-B409-C01140247525}.ItanhaemHomolog|Any CPU.ActiveCfg = Release|Any CPU
		{1D71601C-F383-4FF0-B409-C01140247525}.ItanhaemHomolog|Any CPU.Build.0 = Release|Any CPU
		{1D71601C-F383-4FF0-B409-C01140247525}.ItanhaemHomolog|iOS.ActiveCfg = Release|Any CPU
		{1D71601C-F383-4FF0-B409-C01140247525}.ItanhaemHomolog|iOS.Build.0 = Release|Any CPU
		{1D71601C-F383-4FF0-B409-C01140247525}.ItanhaemHomolog|Windows-ARM.ActiveCfg = Release|Any CPU
		{1D71601C-F383-4FF0-B409-C01140247525}.ItanhaemHomolog|Windows-ARM.Build.0 = Release|Any CPU
		{1D71601C-F383-4FF0-B409-C01140247525}.ItanhaemHomolog|Windows-x64.ActiveCfg = Release|Any CPU
		{1D71601C-F383-4FF0-B409-C01140247525}.ItanhaemHomolog|Windows-x64.Build.0 = Release|Any CPU
		{1D71601C-F383-4FF0-B409-C01140247525}.ItanhaemHomolog|Windows-x86.ActiveCfg = Release|Any CPU
		{1D71601C-F383-4FF0-B409-C01140247525}.ItanhaemHomolog|Windows-x86.Build.0 = Release|Any CPU
		{1D71601C-F383-4FF0-B409-C01140247525}.ItanhaemProd|Android.ActiveCfg = Release|Any CPU
		{1D71601C-F383-4FF0-B409-C01140247525}.ItanhaemProd|Android.Build.0 = Release|Any CPU
		{1D71601C-F383-4FF0-B409-C01140247525}.ItanhaemProd|Any CPU.ActiveCfg = Release|Any CPU
		{1D71601C-F383-4FF0-B409-C01140247525}.ItanhaemProd|Any CPU.Build.0 = Release|Any CPU
		{1D71601C-F383-4FF0-B409-C01140247525}.ItanhaemProd|iOS.ActiveCfg = Release|Any CPU
		{1D71601C-F383-4FF0-B409-C01140247525}.ItanhaemProd|iOS.Build.0 = Release|Any CPU
		{1D71601C-F383-4FF0-B409-C01140247525}.ItanhaemProd|Windows-ARM.ActiveCfg = Release|Any CPU
		{1D71601C-F383-4FF0-B409-C01140247525}.ItanhaemProd|Windows-ARM.Build.0 = Release|Any CPU
		{1D71601C-F383-4FF0-B409-C01140247525}.ItanhaemProd|Windows-x64.ActiveCfg = Release|Any CPU
		{1D71601C-F383-4FF0-B409-C01140247525}.ItanhaemProd|Windows-x64.Build.0 = Release|Any CPU
		{1D71601C-F383-4FF0-B409-C01140247525}.ItanhaemProd|Windows-x86.ActiveCfg = Release|Any CPU
		{1D71601C-F383-4FF0-B409-C01140247525}.ItanhaemProd|Windows-x86.Build.0 = Release|Any CPU
		{1D71601C-F383-4FF0-B409-C01140247525}.LocalServer|Android.ActiveCfg = Release|Any CPU
		{1D71601C-F383-4FF0-B409-C01140247525}.LocalServer|Android.Build.0 = Release|Any CPU
		{1D71601C-F383-4FF0-B409-C01140247525}.LocalServer|Any CPU.ActiveCfg = Release|Any CPU
		{1D71601C-F383-4FF0-B409-C01140247525}.LocalServer|Any CPU.Build.0 = Release|Any CPU
		{1D71601C-F383-4FF0-B409-C01140247525}.LocalServer|iOS.ActiveCfg = Release|Any CPU
		{1D71601C-F383-4FF0-B409-C01140247525}.LocalServer|iOS.Build.0 = Release|Any CPU
		{1D71601C-F383-4FF0-B409-C01140247525}.LocalServer|Windows-ARM.ActiveCfg = Release|Any CPU
		{1D71601C-F383-4FF0-B409-C01140247525}.LocalServer|Windows-ARM.Build.0 = Release|Any CPU
		{1D71601C-F383-4FF0-B409-C01140247525}.LocalServer|Windows-x64.ActiveCfg = Release|Any CPU
		{1D71601C-F383-4FF0-B409-C01140247525}.LocalServer|Windows-x64.Build.0 = Release|Any CPU
		{1D71601C-F383-4FF0-B409-C01140247525}.LocalServer|Windows-x86.ActiveCfg = Release|Any CPU
		{1D71601C-F383-4FF0-B409-C01140247525}.LocalServer|Windows-x86.Build.0 = Release|Any CPU
		{1D71601C-F383-4FF0-B409-C01140247525}.Release|Android.ActiveCfg = Release|Any CPU
		{1D71601C-F383-4FF0-B409-C01140247525}.Release|Android.Build.0 = Release|Any CPU
		{1D71601C-F383-4FF0-B409-C01140247525}.Release|Any CPU.ActiveCfg = Release|Any CPU
		{1D71601C-F383-4FF0-B409-C01140247525}.Release|Any CPU.Build.0 = Release|Any CPU
		{1D71601C-F383-4FF0-B409-C01140247525}.Release|iOS.ActiveCfg = Release|Any CPU
		{1D71601C-F383-4FF0-B409-C01140247525}.Release|iOS.Build.0 = Release|Any CPU
		{1D71601C-F383-4FF0-B409-C01140247525}.Release|Windows-ARM.ActiveCfg = Release|Any CPU
		{1D71601C-F383-4FF0-B409-C01140247525}.Release|Windows-ARM.Build.0 = Release|Any CPU
		{1D71601C-F383-4FF0-B409-C01140247525}.Release|Windows-x64.ActiveCfg = Release|Any CPU
		{1D71601C-F383-4FF0-B409-C01140247525}.Release|Windows-x64.Build.0 = Release|Any CPU
		{1D71601C-F383-4FF0-B409-C01140247525}.Release|Windows-x86.ActiveCfg = Release|Any CPU
		{1D71601C-F383-4FF0-B409-C01140247525}.Release|Windows-x86.Build.0 = Release|Any CPU
		{1D71601C-F383-4FF0-B409-C01140247525}.Santana|Android.ActiveCfg = Release|Any CPU
		{1D71601C-F383-4FF0-B409-C01140247525}.Santana|Android.Build.0 = Release|Any CPU
		{1D71601C-F383-4FF0-B409-C01140247525}.Santana|Any CPU.ActiveCfg = Release|Any CPU
		{1D71601C-F383-4FF0-B409-C01140247525}.Santana|Any CPU.Build.0 = Release|Any CPU
		{1D71601C-F383-4FF0-B409-C01140247525}.Santana|iOS.ActiveCfg = Release|Any CPU
		{1D71601C-F383-4FF0-B409-C01140247525}.Santana|iOS.Build.0 = Release|Any CPU
		{1D71601C-F383-4FF0-B409-C01140247525}.Santana|Windows-ARM.ActiveCfg = Release|Any CPU
		{1D71601C-F383-4FF0-B409-C01140247525}.Santana|Windows-ARM.Build.0 = Release|Any CPU
		{1D71601C-F383-4FF0-B409-C01140247525}.Santana|Windows-x64.ActiveCfg = Release|Any CPU
		{1D71601C-F383-4FF0-B409-C01140247525}.Santana|Windows-x64.Build.0 = Release|Any CPU
		{1D71601C-F383-4FF0-B409-C01140247525}.Santana|Windows-x86.ActiveCfg = Release|Any CPU
		{1D71601C-F383-4FF0-B409-C01140247525}.Santana|Windows-x86.Build.0 = Release|Any CPU
		{B2B3380A-7F6F-4B1F-B568-7E7E09CCF733}.Debug|Android.ActiveCfg = Debug|Android
		{B2B3380A-7F6F-4B1F-B568-7E7E09CCF733}.Debug|Android.Build.0 = Debug|Android
		{B2B3380A-7F6F-4B1F-B568-7E7E09CCF733}.Debug|Android.Deploy.0 = Debug|Android
		{B2B3380A-7F6F-4B1F-B568-7E7E09CCF733}.Debug|Any CPU.ActiveCfg = Debug|Android
		{B2B3380A-7F6F-4B1F-B568-7E7E09CCF733}.Debug|iOS.ActiveCfg = Debug|iOS
		{B2B3380A-7F6F-4B1F-B568-7E7E09CCF733}.Debug|iOS.Build.0 = Debug|iOS
		{B2B3380A-7F6F-4B1F-B568-7E7E09CCF733}.Debug|iOS.Deploy.0 = Debug|iOS
		{B2B3380A-7F6F-4B1F-B568-7E7E09CCF733}.Debug|Windows-ARM.ActiveCfg = Debug|Windows-ARM
		{B2B3380A-7F6F-4B1F-B568-7E7E09CCF733}.Debug|Windows-ARM.Build.0 = Debug|Windows-ARM
		{B2B3380A-7F6F-4B1F-B568-7E7E09CCF733}.Debug|Windows-ARM.Deploy.0 = Debug|Windows-ARM
		{B2B3380A-7F6F-4B1F-B568-7E7E09CCF733}.Debug|Windows-x64.ActiveCfg = Debug|Windows-x64
		{B2B3380A-7F6F-4B1F-B568-7E7E09CCF733}.Debug|Windows-x64.Build.0 = Debug|Windows-x64
		{B2B3380A-7F6F-4B1F-B568-7E7E09CCF733}.Debug|Windows-x64.Deploy.0 = Debug|Windows-x64
		{B2B3380A-7F6F-4B1F-B568-7E7E09CCF733}.Debug|Windows-x86.ActiveCfg = Debug|Windows-x86
		{B2B3380A-7F6F-4B1F-B568-7E7E09CCF733}.Debug|Windows-x86.Build.0 = Debug|Windows-x86
		{B2B3380A-7F6F-4B1F-B568-7E7E09CCF733}.Debug|Windows-x86.Deploy.0 = Debug|Windows-x86
		{B2B3380A-7F6F-4B1F-B568-7E7E09CCF733}.ItanhaemHomolog|Android.ActiveCfg = Release|Android
		{B2B3380A-7F6F-4B1F-B568-7E7E09CCF733}.ItanhaemHomolog|Android.Build.0 = Release|Android
		{B2B3380A-7F6F-4B1F-B568-7E7E09CCF733}.ItanhaemHomolog|Android.Deploy.0 = Release|Android
		{B2B3380A-7F6F-4B1F-B568-7E7E09CCF733}.ItanhaemHomolog|Any CPU.ActiveCfg = Release|Android
		{B2B3380A-7F6F-4B1F-B568-7E7E09CCF733}.ItanhaemHomolog|iOS.ActiveCfg = Release|iOS
		{B2B3380A-7F6F-4B1F-B568-7E7E09CCF733}.ItanhaemHomolog|iOS.Build.0 = Release|iOS
		{B2B3380A-7F6F-4B1F-B568-7E7E09CCF733}.ItanhaemHomolog|iOS.Deploy.0 = Release|iOS
		{B2B3380A-7F6F-4B1F-B568-7E7E09CCF733}.ItanhaemHomolog|Windows-ARM.ActiveCfg = Release|Windows-ARM
		{B2B3380A-7F6F-4B1F-B568-7E7E09CCF733}.ItanhaemHomolog|Windows-ARM.Build.0 = Release|Windows-ARM
		{B2B3380A-7F6F-4B1F-B568-7E7E09CCF733}.ItanhaemHomolog|Windows-ARM.Deploy.0 = Release|Windows-ARM
		{B2B3380A-7F6F-4B1F-B568-7E7E09CCF733}.ItanhaemHomolog|Windows-x64.ActiveCfg = Release|Windows-x64
		{B2B3380A-7F6F-4B1F-B568-7E7E09CCF733}.ItanhaemHomolog|Windows-x64.Build.0 = Release|Windows-x64
		{B2B3380A-7F6F-4B1F-B568-7E7E09CCF733}.ItanhaemHomolog|Windows-x64.Deploy.0 = Release|Windows-x64
		{B2B3380A-7F6F-4B1F-B568-7E7E09CCF733}.ItanhaemHomolog|Windows-x86.ActiveCfg = Release|Windows-x86
		{B2B3380A-7F6F-4B1F-B568-7E7E09CCF733}.ItanhaemHomolog|Windows-x86.Build.0 = Release|Windows-x86
		{B2B3380A-7F6F-4B1F-B568-7E7E09CCF733}.ItanhaemHomolog|Windows-x86.Deploy.0 = Release|Windows-x86
		{B2B3380A-7F6F-4B1F-B568-7E7E09CCF733}.ItanhaemProd|Android.ActiveCfg = Release|Android
		{B2B3380A-7F6F-4B1F-B568-7E7E09CCF733}.ItanhaemProd|Android.Build.0 = Release|Android
		{B2B3380A-7F6F-4B1F-B568-7E7E09CCF733}.ItanhaemProd|Android.Deploy.0 = Release|Android
		{B2B3380A-7F6F-4B1F-B568-7E7E09CCF733}.ItanhaemProd|Any CPU.ActiveCfg = Release|Android
		{B2B3380A-7F6F-4B1F-B568-7E7E09CCF733}.ItanhaemProd|iOS.ActiveCfg = Release|iOS
		{B2B3380A-7F6F-4B1F-B568-7E7E09CCF733}.ItanhaemProd|iOS.Build.0 = Release|iOS
		{B2B3380A-7F6F-4B1F-B568-7E7E09CCF733}.ItanhaemProd|iOS.Deploy.0 = Release|iOS
		{B2B3380A-7F6F-4B1F-B568-7E7E09CCF733}.ItanhaemProd|Windows-ARM.ActiveCfg = Release|Windows-ARM
		{B2B3380A-7F6F-4B1F-B568-7E7E09CCF733}.ItanhaemProd|Windows-ARM.Build.0 = Release|Windows-ARM
		{B2B3380A-7F6F-4B1F-B568-7E7E09CCF733}.ItanhaemProd|Windows-ARM.Deploy.0 = Release|Windows-ARM
		{B2B3380A-7F6F-4B1F-B568-7E7E09CCF733}.ItanhaemProd|Windows-x64.ActiveCfg = Release|Windows-x64
		{B2B3380A-7F6F-4B1F-B568-7E7E09CCF733}.ItanhaemProd|Windows-x64.Build.0 = Release|Windows-x64
		{B2B3380A-7F6F-4B1F-B568-7E7E09CCF733}.ItanhaemProd|Windows-x64.Deploy.0 = Release|Windows-x64
		{B2B3380A-7F6F-4B1F-B568-7E7E09CCF733}.ItanhaemProd|Windows-x86.ActiveCfg = Release|Windows-x86
		{B2B3380A-7F6F-4B1F-B568-7E7E09CCF733}.ItanhaemProd|Windows-x86.Build.0 = Release|Windows-x86
		{B2B3380A-7F6F-4B1F-B568-7E7E09CCF733}.ItanhaemProd|Windows-x86.Deploy.0 = Release|Windows-x86
		{B2B3380A-7F6F-4B1F-B568-7E7E09CCF733}.LocalServer|Android.ActiveCfg = Release|Android
		{B2B3380A-7F6F-4B1F-B568-7E7E09CCF733}.LocalServer|Android.Build.0 = Release|Android
		{B2B3380A-7F6F-4B1F-B568-7E7E09CCF733}.LocalServer|Android.Deploy.0 = Release|Android
		{B2B3380A-7F6F-4B1F-B568-7E7E09CCF733}.LocalServer|Any CPU.ActiveCfg = Release|Android
		{B2B3380A-7F6F-4B1F-B568-7E7E09CCF733}.LocalServer|iOS.ActiveCfg = Release|iOS
		{B2B3380A-7F6F-4B1F-B568-7E7E09CCF733}.LocalServer|iOS.Build.0 = Release|iOS
		{B2B3380A-7F6F-4B1F-B568-7E7E09CCF733}.LocalServer|iOS.Deploy.0 = Release|iOS
		{B2B3380A-7F6F-4B1F-B568-7E7E09CCF733}.LocalServer|Windows-ARM.ActiveCfg = Release|Windows-ARM
		{B2B3380A-7F6F-4B1F-B568-7E7E09CCF733}.LocalServer|Windows-ARM.Build.0 = Release|Windows-ARM
		{B2B3380A-7F6F-4B1F-B568-7E7E09CCF733}.LocalServer|Windows-ARM.Deploy.0 = Release|Windows-ARM
		{B2B3380A-7F6F-4B1F-B568-7E7E09CCF733}.LocalServer|Windows-x64.ActiveCfg = Release|Windows-x64
		{B2B3380A-7F6F-4B1F-B568-7E7E09CCF733}.LocalServer|Windows-x64.Build.0 = Release|Windows-x64
		{B2B3380A-7F6F-4B1F-B568-7E7E09CCF733}.LocalServer|Windows-x64.Deploy.0 = Release|Windows-x64
		{B2B3380A-7F6F-4B1F-B568-7E7E09CCF733}.LocalServer|Windows-x86.ActiveCfg = Release|Windows-x86
		{B2B3380A-7F6F-4B1F-B568-7E7E09CCF733}.LocalServer|Windows-x86.Build.0 = Release|Windows-x86
		{B2B3380A-7F6F-4B1F-B568-7E7E09CCF733}.LocalServer|Windows-x86.Deploy.0 = Release|Windows-x86
		{B2B3380A-7F6F-4B1F-B568-7E7E09CCF733}.Release|Android.ActiveCfg = Release|Android
		{B2B3380A-7F6F-4B1F-B568-7E7E09CCF733}.Release|Android.Build.0 = Release|Android
		{B2B3380A-7F6F-4B1F-B568-7E7E09CCF733}.Release|Android.Deploy.0 = Release|Android
		{B2B3380A-7F6F-4B1F-B568-7E7E09CCF733}.Release|Any CPU.ActiveCfg = Release|Android
		{B2B3380A-7F6F-4B1F-B568-7E7E09CCF733}.Release|iOS.ActiveCfg = Release|iOS
		{B2B3380A-7F6F-4B1F-B568-7E7E09CCF733}.Release|iOS.Build.0 = Release|iOS
		{B2B3380A-7F6F-4B1F-B568-7E7E09CCF733}.Release|iOS.Deploy.0 = Release|iOS
		{B2B3380A-7F6F-4B1F-B568-7E7E09CCF733}.Release|Windows-ARM.ActiveCfg = Release|Windows-ARM
		{B2B3380A-7F6F-4B1F-B568-7E7E09CCF733}.Release|Windows-ARM.Build.0 = Release|Windows-ARM
		{B2B3380A-7F6F-4B1F-B568-7E7E09CCF733}.Release|Windows-ARM.Deploy.0 = Release|Windows-ARM
		{B2B3380A-7F6F-4B1F-B568-7E7E09CCF733}.Release|Windows-x64.ActiveCfg = Release|Windows-x64
		{B2B3380A-7F6F-4B1F-B568-7E7E09CCF733}.Release|Windows-x64.Build.0 = Release|Windows-x64
		{B2B3380A-7F6F-4B1F-B568-7E7E09CCF733}.Release|Windows-x64.Deploy.0 = Release|Windows-x64
		{B2B3380A-7F6F-4B1F-B568-7E7E09CCF733}.Release|Windows-x86.ActiveCfg = Release|Windows-x86
		{B2B3380A-7F6F-4B1F-B568-7E7E09CCF733}.Release|Windows-x86.Build.0 = Release|Windows-x86
		{B2B3380A-7F6F-4B1F-B568-7E7E09CCF733}.Release|Windows-x86.Deploy.0 = Release|Windows-x86
		{B2B3380A-7F6F-4B1F-B568-7E7E09CCF733}.Santana|Android.ActiveCfg = Release|Android
		{B2B3380A-7F6F-4B1F-B568-7E7E09CCF733}.Santana|Android.Build.0 = Release|Android
		{B2B3380A-7F6F-4B1F-B568-7E7E09CCF733}.Santana|Android.Deploy.0 = Release|Android
		{B2B3380A-7F6F-4B1F-B568-7E7E09CCF733}.Santana|Any CPU.ActiveCfg = Release|Android
		{B2B3380A-7F6F-4B1F-B568-7E7E09CCF733}.Santana|iOS.ActiveCfg = Release|iOS
		{B2B3380A-7F6F-4B1F-B568-7E7E09CCF733}.Santana|iOS.Build.0 = Release|iOS
		{B2B3380A-7F6F-4B1F-B568-7E7E09CCF733}.Santana|iOS.Deploy.0 = Release|iOS
		{B2B3380A-7F6F-4B1F-B568-7E7E09CCF733}.Santana|Windows-ARM.ActiveCfg = Release|Windows-ARM
		{B2B3380A-7F6F-4B1F-B568-7E7E09CCF733}.Santana|Windows-ARM.Build.0 = Release|Windows-ARM
		{B2B3380A-7F6F-4B1F-B568-7E7E09CCF733}.Santana|Windows-ARM.Deploy.0 = Release|Windows-ARM
		{B2B3380A-7F6F-4B1F-B568-7E7E09CCF733}.Santana|Windows-x64.ActiveCfg = Release|Windows-x64
		{B2B3380A-7F6F-4B1F-B568-7E7E09CCF733}.Santana|Windows-x64.Build.0 = Release|Windows-x64
		{B2B3380A-7F6F-4B1F-B568-7E7E09CCF733}.Santana|Windows-x64.Deploy.0 = Release|Windows-x64
		{B2B3380A-7F6F-4B1F-B568-7E7E09CCF733}.Santana|Windows-x86.ActiveCfg = Release|Windows-x86
		{B2B3380A-7F6F-4B1F-B568-7E7E09CCF733}.Santana|Windows-x86.Build.0 = Release|Windows-x86
		{B2B3380A-7F6F-4B1F-B568-7E7E09CCF733}.Santana|Windows-x86.Deploy.0 = Release|Windows-x86
		{B425EF5B-EB40-4F1A-A2C4-2BCF10ABFE56}.Debug|Android.ActiveCfg = Debug|Any CPU
		{B425EF5B-EB40-4F1A-A2C4-2BCF10ABFE56}.Debug|Android.Build.0 = Debug|Any CPU
		{B425EF5B-EB40-4F1A-A2C4-2BCF10ABFE56}.Debug|Any CPU.ActiveCfg = Debug|Any CPU
		{B425EF5B-EB40-4F1A-A2C4-2BCF10ABFE56}.Debug|Any CPU.Build.0 = Debug|Any CPU
		{B425EF5B-EB40-4F1A-A2C4-2BCF10ABFE56}.Debug|iOS.ActiveCfg = Debug|Any CPU
		{B425EF5B-EB40-4F1A-A2C4-2BCF10ABFE56}.Debug|iOS.Build.0 = Debug|Any CPU
		{B425EF5B-EB40-4F1A-A2C4-2BCF10ABFE56}.Debug|Windows-ARM.ActiveCfg = Debug|Any CPU
		{B425EF5B-EB40-4F1A-A2C4-2BCF10ABFE56}.Debug|Windows-ARM.Build.0 = Debug|Any CPU
		{B425EF5B-EB40-4F1A-A2C4-2BCF10ABFE56}.Debug|Windows-x64.ActiveCfg = Debug|Any CPU
		{B425EF5B-EB40-4F1A-A2C4-2BCF10ABFE56}.Debug|Windows-x64.Build.0 = Debug|Any CPU
		{B425EF5B-EB40-4F1A-A2C4-2BCF10ABFE56}.Debug|Windows-x86.ActiveCfg = Debug|Any CPU
		{B425EF5B-EB40-4F1A-A2C4-2BCF10ABFE56}.Debug|Windows-x86.Build.0 = Debug|Any CPU
		{B425EF5B-EB40-4F1A-A2C4-2BCF10ABFE56}.ItanhaemHomolog|Android.ActiveCfg = Santana|Any CPU
		{B425EF5B-EB40-4F1A-A2C4-2BCF10ABFE56}.ItanhaemHomolog|Android.Build.0 = Santana|Any CPU
		{B425EF5B-EB40-4F1A-A2C4-2BCF10ABFE56}.ItanhaemHomolog|Any CPU.ActiveCfg = Santana|Any CPU
		{B425EF5B-EB40-4F1A-A2C4-2BCF10ABFE56}.ItanhaemHomolog|Any CPU.Build.0 = Santana|Any CPU
		{B425EF5B-EB40-4F1A-A2C4-2BCF10ABFE56}.ItanhaemHomolog|iOS.ActiveCfg = Santana|Any CPU
		{B425EF5B-EB40-4F1A-A2C4-2BCF10ABFE56}.ItanhaemHomolog|iOS.Build.0 = Santana|Any CPU
		{B425EF5B-EB40-4F1A-A2C4-2BCF10ABFE56}.ItanhaemHomolog|Windows-ARM.ActiveCfg = Santana|Any CPU
		{B425EF5B-EB40-4F1A-A2C4-2BCF10ABFE56}.ItanhaemHomolog|Windows-ARM.Build.0 = Santana|Any CPU
		{B425EF5B-EB40-4F1A-A2C4-2BCF10ABFE56}.ItanhaemHomolog|Windows-x64.ActiveCfg = Santana|Any CPU
		{B425EF5B-EB40-4F1A-A2C4-2BCF10ABFE56}.ItanhaemHomolog|Windows-x64.Build.0 = Santana|Any CPU
		{B425EF5B-EB40-4F1A-A2C4-2BCF10ABFE56}.ItanhaemHomolog|Windows-x86.ActiveCfg = Santana|Any CPU
		{B425EF5B-EB40-4F1A-A2C4-2BCF10ABFE56}.ItanhaemHomolog|Windows-x86.Build.0 = Santana|Any CPU
		{B425EF5B-EB40-4F1A-A2C4-2BCF10ABFE56}.ItanhaemProd|Android.ActiveCfg = Santana|Any CPU
		{B425EF5B-EB40-4F1A-A2C4-2BCF10ABFE56}.ItanhaemProd|Android.Build.0 = Santana|Any CPU
		{B425EF5B-EB40-4F1A-A2C4-2BCF10ABFE56}.ItanhaemProd|Any CPU.ActiveCfg = Santana|Any CPU
		{B425EF5B-EB40-4F1A-A2C4-2BCF10ABFE56}.ItanhaemProd|Any CPU.Build.0 = Santana|Any CPU
		{B425EF5B-EB40-4F1A-A2C4-2BCF10ABFE56}.ItanhaemProd|iOS.ActiveCfg = Santana|Any CPU
		{B425EF5B-EB40-4F1A-A2C4-2BCF10ABFE56}.ItanhaemProd|iOS.Build.0 = Santana|Any CPU
		{B425EF5B-EB40-4F1A-A2C4-2BCF10ABFE56}.ItanhaemProd|Windows-ARM.ActiveCfg = Santana|Any CPU
		{B425EF5B-EB40-4F1A-A2C4-2BCF10ABFE56}.ItanhaemProd|Windows-ARM.Build.0 = Santana|Any CPU
		{B425EF5B-EB40-4F1A-A2C4-2BCF10ABFE56}.ItanhaemProd|Windows-x64.ActiveCfg = Santana|Any CPU
		{B425EF5B-EB40-4F1A-A2C4-2BCF10ABFE56}.ItanhaemProd|Windows-x64.Build.0 = Santana|Any CPU
		{B425EF5B-EB40-4F1A-A2C4-2BCF10ABFE56}.ItanhaemProd|Windows-x86.ActiveCfg = Santana|Any CPU
		{B425EF5B-EB40-4F1A-A2C4-2BCF10ABFE56}.ItanhaemProd|Windows-x86.Build.0 = Santana|Any CPU
		{B425EF5B-EB40-4F1A-A2C4-2BCF10ABFE56}.LocalServer|Android.ActiveCfg = Santana|Any CPU
		{B425EF5B-EB40-4F1A-A2C4-2BCF10ABFE56}.LocalServer|Android.Build.0 = Santana|Any CPU
		{B425EF5B-EB40-4F1A-A2C4-2BCF10ABFE56}.LocalServer|Any CPU.ActiveCfg = Santana|Any CPU
		{B425EF5B-EB40-4F1A-A2C4-2BCF10ABFE56}.LocalServer|Any CPU.Build.0 = Santana|Any CPU
		{B425EF5B-EB40-4F1A-A2C4-2BCF10ABFE56}.LocalServer|iOS.ActiveCfg = Santana|Any CPU
		{B425EF5B-EB40-4F1A-A2C4-2BCF10ABFE56}.LocalServer|iOS.Build.0 = Santana|Any CPU
		{B425EF5B-EB40-4F1A-A2C4-2BCF10ABFE56}.LocalServer|Windows-ARM.ActiveCfg = Santana|Any CPU
		{B425EF5B-EB40-4F1A-A2C4-2BCF10ABFE56}.LocalServer|Windows-ARM.Build.0 = Santana|Any CPU
		{B425EF5B-EB40-4F1A-A2C4-2BCF10ABFE56}.LocalServer|Windows-x64.ActiveCfg = Santana|Any CPU
		{B425EF5B-EB40-4F1A-A2C4-2BCF10ABFE56}.LocalServer|Windows-x64.Build.0 = Santana|Any CPU
		{B425EF5B-EB40-4F1A-A2C4-2BCF10ABFE56}.LocalServer|Windows-x86.ActiveCfg = Santana|Any CPU
		{B425EF5B-EB40-4F1A-A2C4-2BCF10ABFE56}.LocalServer|Windows-x86.Build.0 = Santana|Any CPU
		{B425EF5B-EB40-4F1A-A2C4-2BCF10ABFE56}.Release|Android.ActiveCfg = Release|Any CPU
		{B425EF5B-EB40-4F1A-A2C4-2BCF10ABFE56}.Release|Android.Build.0 = Release|Any CPU
		{B425EF5B-EB40-4F1A-A2C4-2BCF10ABFE56}.Release|Any CPU.ActiveCfg = Release|Any CPU
		{B425EF5B-EB40-4F1A-A2C4-2BCF10ABFE56}.Release|Any CPU.Build.0 = Release|Any CPU
		{B425EF5B-EB40-4F1A-A2C4-2BCF10ABFE56}.Release|iOS.ActiveCfg = Release|Any CPU
		{B425EF5B-EB40-4F1A-A2C4-2BCF10ABFE56}.Release|iOS.Build.0 = Release|Any CPU
		{B425EF5B-EB40-4F1A-A2C4-2BCF10ABFE56}.Release|Windows-ARM.ActiveCfg = Release|Any CPU
		{B425EF5B-EB40-4F1A-A2C4-2BCF10ABFE56}.Release|Windows-ARM.Build.0 = Release|Any CPU
		{B425EF5B-EB40-4F1A-A2C4-2BCF10ABFE56}.Release|Windows-x64.ActiveCfg = Release|Any CPU
		{B425EF5B-EB40-4F1A-A2C4-2BCF10ABFE56}.Release|Windows-x64.Build.0 = Release|Any CPU
		{B425EF5B-EB40-4F1A-A2C4-2BCF10ABFE56}.Release|Windows-x86.ActiveCfg = Release|Any CPU
		{B425EF5B-EB40-4F1A-A2C4-2BCF10ABFE56}.Release|Windows-x86.Build.0 = Release|Any CPU
		{B425EF5B-EB40-4F1A-A2C4-2BCF10ABFE56}.Santana|Android.ActiveCfg = Santana|Any CPU
		{B425EF5B-EB40-4F1A-A2C4-2BCF10ABFE56}.Santana|Android.Build.0 = Santana|Any CPU
		{B425EF5B-EB40-4F1A-A2C4-2BCF10ABFE56}.Santana|Any CPU.ActiveCfg = Santana|Any CPU
		{B425EF5B-EB40-4F1A-A2C4-2BCF10ABFE56}.Santana|Any CPU.Build.0 = Santana|Any CPU
		{B425EF5B-EB40-4F1A-A2C4-2BCF10ABFE56}.Santana|iOS.ActiveCfg = Santana|Any CPU
		{B425EF5B-EB40-4F1A-A2C4-2BCF10ABFE56}.Santana|iOS.Build.0 = Santana|Any CPU
		{B425EF5B-EB40-4F1A-A2C4-2BCF10ABFE56}.Santana|Windows-ARM.ActiveCfg = Santana|Any CPU
		{B425EF5B-EB40-4F1A-A2C4-2BCF10ABFE56}.Santana|Windows-ARM.Build.0 = Santana|Any CPU
		{B425EF5B-EB40-4F1A-A2C4-2BCF10ABFE56}.Santana|Windows-x64.ActiveCfg = Santana|Any CPU
		{B425EF5B-EB40-4F1A-A2C4-2BCF10ABFE56}.Santana|Windows-x64.Build.0 = Santana|Any CPU
		{B425EF5B-EB40-4F1A-A2C4-2BCF10ABFE56}.Santana|Windows-x86.ActiveCfg = Santana|Any CPU
		{B425EF5B-EB40-4F1A-A2C4-2BCF10ABFE56}.Santana|Windows-x86.Build.0 = Santana|Any CPU
	EndGlobalSection
	GlobalSection(SolutionProperties) = preSolution
		HideSolutionNode = FALSE
	EndGlobalSection
	GlobalSection(NestedProjects) = preSolution
		{5216DD98-11F2-48D2-9A9F-BC04DA960B6C} = {0AAD2FB0-CB27-462C-AB4A-84F7F13803E3}
		{1F23D6E3-9E03-4ED7-8874-F6085E548D3B} = {0AAD2FB0-CB27-462C-AB4A-84F7F13803E3}
		{1D71601C-F383-4FF0-B409-C01140247525} = {0AAD2FB0-CB27-462C-AB4A-84F7F13803E3}
		{B2B3380A-7F6F-4B1F-B568-7E7E09CCF733} = {33F4AD7F-D10D-4139-85EF-5188FF5AE42B}
		{B425EF5B-EB40-4F1A-A2C4-2BCF10ABFE56} = {33F4AD7F-D10D-4139-85EF-5188FF5AE42B}
	EndGlobalSection
	GlobalSection(ExtensibilityGlobals) = postSolution
		SolutionGuid = {BE7C3323-A782-418B-9273-40AF42CDB26A}
	EndGlobalSection
EndGlobal
